
Microsoft Visual Studio Solution File, Format Version 12.00
# Visual Studio 14
VisualStudioVersion = 14.0.25420.1
MinimumVisualStudioVersion = 10.0.40219.1
Project("{2150E333-8FDC-42A3-9474-1A3956D46DE8}") = "Libraries", "Libraries", "{ADDBB663-B4FB-4CDD-A241-ACA1D569081D}"
EndProject
Project("{2150E333-8FDC-42A3-9474-1A3956D46DE8}") = "Presentation", "Presentation", "{10E9BA30-9015-40C7-9CBF-50A0316288F2}"
EndProject
Project("{FAE04EC0-301F-11D3-BF4B-00C04F79EFBC}") = "Infrastructure", "Infrastructure\Infrastructure.csproj", "{65D45AF3-C4DB-4814-AF25-A7CA21ED852A}"
EndProject
Project("{FAE04EC0-301F-11D3-BF4B-00C04F79EFBC}") = "Auth.Management", "Auth.Management\Auth.Management.csproj", "{ACD556EF-58AB-4F44-950E-2C5B3BC9848B}"
EndProject
Project("{FAE04EC0-301F-11D3-BF4B-00C04F79EFBC}") = "Auth.Entities", "Auth.Entities\Auth.Entities.csproj", "{D23739DE-9B3E-4EC2-98EC-3FC48840FF0E}"
EndProject
Project("{FAE04EC0-301F-11D3-BF4B-00C04F79EFBC}") = "Auth.Repositories", "Auth.Repositories\Auth.Repositories.csproj", "{DC70941F-E326-4396-A9C5-23E5D4573967}"
EndProject
Project("{FAE04EC0-301F-11D3-BF4B-00C04F79EFBC}") = "Auth.Services", "Auth.Services\Auth.Services.csproj", "{B1D74DC7-46B5-4A5F-97CA-DB98EE3FE467}"
EndProject
Project("{FAE04EC0-301F-11D3-BF4B-00C04F79EFBC}") = "Auth.Resolver", "Auth.Resolver\Auth.Resolver.csproj", "{9B1C03B1-4121-4072-89B5-F87F0DBFEA7E}"
EndProject
Project("{FAE04EC0-301F-11D3-BF4B-00C04F79EFBC}") = "Auth.Data", "Auth.Data\Auth.Data.csproj", "{C557849B-7F86-41C0-83A9-44072DB26E63}"
EndProject
Project("{FAE04EC0-301F-11D3-BF4B-00C04F79EFBC}") = "Auth.Core", "Auth.Core\Auth.Core.csproj", "{2C347A28-4DFB-4322-8196-C8915D3E8C69}"
EndProject
Project("{FAE04EC0-301F-11D3-BF4B-00C04F79EFBC}") = "Auth.Models", "Auth.Models\Auth.Models.csproj", "{A506D3AD-0F3E-4D3B-B689-32842D59859A}"
EndProject
Global
	GlobalSection(SolutionConfigurationPlatforms) = preSolution
		Debug|Any CPU = Debug|Any CPU
		Release|Any CPU = Release|Any CPU
	EndGlobalSection
	GlobalSection(ProjectConfigurationPlatforms) = postSolution
		{65D45AF3-C4DB-4814-AF25-A7CA21ED852A}.Debug|Any CPU.ActiveCfg = Debug|Any CPU
		{65D45AF3-C4DB-4814-AF25-A7CA21ED852A}.Debug|Any CPU.Build.0 = Debug|Any CPU
		{65D45AF3-C4DB-4814-AF25-A7CA21ED852A}.Release|Any CPU.ActiveCfg = Release|Any CPU
		{65D45AF3-C4DB-4814-AF25-A7CA21ED852A}.Release|Any CPU.Build.0 = Release|Any CPU
		{ACD556EF-58AB-4F44-950E-2C5B3BC9848B}.Debug|Any CPU.ActiveCfg = Debug|Any CPU
		{ACD556EF-58AB-4F44-950E-2C5B3BC9848B}.Debug|Any CPU.Build.0 = Debug|Any CPU
		{ACD556EF-58AB-4F44-950E-2C5B3BC9848B}.Release|Any CPU.ActiveCfg = Release|Any CPU
		{ACD556EF-58AB-4F44-950E-2C5B3BC9848B}.Release|Any CPU.Build.0 = Release|Any CPU
		{D23739DE-9B3E-4EC2-98EC-3FC48840FF0E}.Debug|Any CPU.ActiveCfg = Debug|Any CPU
		{D23739DE-9B3E-4EC2-98EC-3FC48840FF0E}.Debug|Any CPU.Build.0 = Debug|Any CPU
		{D23739DE-9B3E-4EC2-98EC-3FC48840FF0E}.Release|Any CPU.ActiveCfg = Release|Any CPU
		{D23739DE-9B3E-4EC2-98EC-3FC48840FF0E}.Release|Any CPU.Build.0 = Release|Any CPU
		{DC70941F-E326-4396-A9C5-23E5D4573967}.Debug|Any CPU.ActiveCfg = Debug|Any CPU
		{DC70941F-E326-4396-A9C5-23E5D4573967}.Debug|Any CPU.Build.0 = Debug|Any CPU
		{DC70941F-E326-4396-A9C5-23E5D4573967}.Release|Any CPU.ActiveCfg = Release|Any CPU
		{DC70941F-E326-4396-A9C5-23E5D4573967}.Release|Any CPU.Build.0 = Release|Any CPU
		{B1D74DC7-46B5-4A5F-97CA-DB98EE3FE467}.Debug|Any CPU.ActiveCfg = Debug|Any CPU
		{B1D74DC7-46B5-4A5F-97CA-DB98EE3FE467}.Debug|Any CPU.Build.0 = Debug|Any CPU
		{B1D74DC7-46B5-4A5F-97CA-DB98EE3FE467}.Release|Any CPU.ActiveCfg = Release|Any CPU
		{B1D74DC7-46B5-4A5F-97CA-DB98EE3FE467}.Release|Any CPU.Build.0 = Release|Any CPU
		{9B1C03B1-4121-4072-89B5-F87F0DBFEA7E}.Debug|Any CPU.ActiveCfg = Debug|Any CPU
		{9B1C03B1-4121-4072-89B5-F87F0DBFEA7E}.Debug|Any CPU.Build.0 = Debug|Any CPU
		{9B1C03B1-4121-4072-89B5-F87F0DBFEA7E}.Release|Any CPU.ActiveCfg = Release|Any CPU
		{9B1C03B1-4121-4072-89B5-F87F0DBFEA7E}.Release|Any CPU.Build.0 = Release|Any CPU
		{C557849B-7F86-41C0-83A9-44072DB26E63}.Debug|Any CPU.ActiveCfg = Debug|Any CPU
		{C557849B-7F86-41C0-83A9-44072DB26E63}.Debug|Any CPU.Build.0 = Debug|Any CPU
		{C557849B-7F86-41C0-83A9-44072DB26E63}.Release|Any CPU.ActiveCfg = Release|Any CPU
		{C557849B-7F86-41C0-83A9-44072DB26E63}.Release|Any CPU.Build.0 = Release|Any CPU
		{2C347A28-4DFB-4322-8196-C8915D3E8C69}.Debug|Any CPU.ActiveCfg = Debug|Any CPU
		{2C347A28-4DFB-4322-8196-C8915D3E8C69}.Debug|Any CPU.Build.0 = Debug|Any CPU
		{2C347A28-4DFB-4322-8196-C8915D3E8C69}.Release|Any CPU.ActiveCfg = Release|Any CPU
		{2C347A28-4DFB-4322-8196-C8915D3E8C69}.Release|Any CPU.Build.0 = Release|Any CPU
		{A506D3AD-0F3E-4D3B-B689-32842D59859A}.Debug|Any CPU.ActiveCfg = Debug|Any CPU
		{A506D3AD-0F3E-4D3B-B689-32842D59859A}.Debug|Any CPU.Build.0 = Debug|Any CPU
		{A506D3AD-0F3E-4D3B-B689-32842D59859A}.Release|Any CPU.ActiveCfg = Release|Any CPU
		{A506D3AD-0F3E-4D3B-B689-32842D59859A}.Release|Any CPU.Build.0 = Release|Any CPU
	EndGlobalSection
	GlobalSection(SolutionProperties) = preSolution
		HideSolutionNode = FALSE
	EndGlobalSection
	GlobalSection(NestedProjects) = preSolution
		{65D45AF3-C4DB-4814-AF25-A7CA21ED852A} = {ADDBB663-B4FB-4CDD-A241-ACA1D569081D}
		{ACD556EF-58AB-4F44-950E-2C5B3BC9848B} = {10E9BA30-9015-40C7-9CBF-50A0316288F2}
		{D23739DE-9B3E-4EC2-98EC-3FC48840FF0E} = {ADDBB663-B4FB-4CDD-A241-ACA1D569081D}
		{DC70941F-E326-4396-A9C5-23E5D4573967} = {ADDBB663-B4FB-4CDD-A241-ACA1D569081D}
		{B1D74DC7-46B5-4A5F-97CA-DB98EE3FE467} = {ADDBB663-B4FB-4CDD-A241-ACA1D569081D}
		{9B1C03B1-4121-4072-89B5-F87F0DBFEA7E} = {ADDBB663-B4FB-4CDD-A241-ACA1D569081D}
		{C557849B-7F86-41C0-83A9-44072DB26E63} = {ADDBB663-B4FB-4CDD-A241-ACA1D569081D}
		{2C347A28-4DFB-4322-8196-C8915D3E8C69} = {ADDBB663-B4FB-4CDD-A241-ACA1D569081D}
		{A506D3AD-0F3E-4D3B-B689-32842D59859A} = {ADDBB663-B4FB-4CDD-A241-ACA1D569081D}
	EndGlobalSection
EndGlobal
