
Microsoft Visual Studio Solution File, Format Version 12.00
# Visual Studio 14
VisualStudioVersion = 14.0.25420.1
MinimumVisualStudioVersion = 10.0.40219.1
Project("{2150E333-8FDC-42A3-9474-1A3956D46DE8}") = "Libraries", "Libraries", "{ADDBB663-B4FB-4CDD-A241-ACA1D569081D}"
EndProject
Project("{FAE04EC0-301F-11D3-BF4B-00C04F79EFBC}") = "Auth.DTO", "Auth.DTO\Auth.DTO.csproj", "{EDD41D77-5BD5-4173-B2E5-9F71D4A3E813}"
EndProject
Project("{FAE04EC0-301F-11D3-BF4B-00C04F79EFBC}") = "Auth.DAO", "Auth.DAO\Auth.DAO.csproj", "{F25CEE06-6695-4459-A10C-9251474A7D14}"
EndProject
Project("{FAE04EC0-301F-11D3-BF4B-00C04F79EFBC}") = "Auth.BLO", "Auth.BLO\Auth.BLO.csproj", "{88D5BC0A-2810-469E-A624-C2AFBE3EADB4}"
EndProject
Project("{FAE04EC0-301F-11D3-BF4B-00C04F79EFBC}") = "Auth.Models", "Auth.Models\Auth.Models.csproj", "{7CD78018-8AEA-4DB8-BC72-5F1808791A1F}"
EndProject
Project("{2150E333-8FDC-42A3-9474-1A3956D46DE8}") = "Presentation", "Presentation", "{10E9BA30-9015-40C7-9CBF-50A0316288F2}"
EndProject
Project("{FAE04EC0-301F-11D3-BF4B-00C04F79EFBC}") = "Infrastructure", "Infrastructure\Infrastructure.csproj", "{65D45AF3-C4DB-4814-AF25-A7CA21ED852A}"
EndProject
Project("{FAE04EC0-301F-11D3-BF4B-00C04F79EFBC}") = "Auth.Management", "Auth.Management\Auth.Management.csproj", "{ACD556EF-58AB-4F44-950E-2C5B3BC9848B}"
EndProject
Global
	GlobalSection(SolutionConfigurationPlatforms) = preSolution
		Debug|Any CPU = Debug|Any CPU
		Release|Any CPU = Release|Any CPU
	EndGlobalSection
	GlobalSection(ProjectConfigurationPlatforms) = postSolution
		{EDD41D77-5BD5-4173-B2E5-9F71D4A3E813}.Debug|Any CPU.ActiveCfg = Debug|Any CPU
		{EDD41D77-5BD5-4173-B2E5-9F71D4A3E813}.Debug|Any CPU.Build.0 = Debug|Any CPU
		{EDD41D77-5BD5-4173-B2E5-9F71D4A3E813}.Release|Any CPU.ActiveCfg = Release|Any CPU
		{EDD41D77-5BD5-4173-B2E5-9F71D4A3E813}.Release|Any CPU.Build.0 = Release|Any CPU
		{F25CEE06-6695-4459-A10C-9251474A7D14}.Debug|Any CPU.ActiveCfg = Debug|Any CPU
		{F25CEE06-6695-4459-A10C-9251474A7D14}.Debug|Any CPU.Build.0 = Debug|Any CPU
		{F25CEE06-6695-4459-A10C-9251474A7D14}.Release|Any CPU.ActiveCfg = Release|Any CPU
		{F25CEE06-6695-4459-A10C-9251474A7D14}.Release|Any CPU.Build.0 = Release|Any CPU
		{88D5BC0A-2810-469E-A624-C2AFBE3EADB4}.Debug|Any CPU.ActiveCfg = Debug|Any CPU
		{88D5BC0A-2810-469E-A624-C2AFBE3EADB4}.Debug|Any CPU.Build.0 = Debug|Any CPU
		{88D5BC0A-2810-469E-A624-C2AFBE3EADB4}.Release|Any CPU.ActiveCfg = Release|Any CPU
		{88D5BC0A-2810-469E-A624-C2AFBE3EADB4}.Release|Any CPU.Build.0 = Release|Any CPU
		{7CD78018-8AEA-4DB8-BC72-5F1808791A1F}.Debug|Any CPU.ActiveCfg = Debug|Any CPU
		{7CD78018-8AEA-4DB8-BC72-5F1808791A1F}.Debug|Any CPU.Build.0 = Debug|Any CPU
		{7CD78018-8AEA-4DB8-BC72-5F1808791A1F}.Release|Any CPU.ActiveCfg = Release|Any CPU
		{7CD78018-8AEA-4DB8-BC72-5F1808791A1F}.Release|Any CPU.Build.0 = Release|Any CPU
		{65D45AF3-C4DB-4814-AF25-A7CA21ED852A}.Debug|Any CPU.ActiveCfg = Debug|Any CPU
		{65D45AF3-C4DB-4814-AF25-A7CA21ED852A}.Debug|Any CPU.Build.0 = Debug|Any CPU
		{65D45AF3-C4DB-4814-AF25-A7CA21ED852A}.Release|Any CPU.ActiveCfg = Release|Any CPU
		{65D45AF3-C4DB-4814-AF25-A7CA21ED852A}.Release|Any CPU.Build.0 = Release|Any CPU
		{ACD556EF-58AB-4F44-950E-2C5B3BC9848B}.Debug|Any CPU.ActiveCfg = Debug|Any CPU
		{ACD556EF-58AB-4F44-950E-2C5B3BC9848B}.Debug|Any CPU.Build.0 = Debug|Any CPU
		{ACD556EF-58AB-4F44-950E-2C5B3BC9848B}.Release|Any CPU.ActiveCfg = Release|Any CPU
		{ACD556EF-58AB-4F44-950E-2C5B3BC9848B}.Release|Any CPU.Build.0 = Release|Any CPU
	EndGlobalSection
	GlobalSection(SolutionProperties) = preSolution
		HideSolutionNode = FALSE
	EndGlobalSection
	GlobalSection(NestedProjects) = preSolution
		{EDD41D77-5BD5-4173-B2E5-9F71D4A3E813} = {ADDBB663-B4FB-4CDD-A241-ACA1D569081D}
		{F25CEE06-6695-4459-A10C-9251474A7D14} = {ADDBB663-B4FB-4CDD-A241-ACA1D569081D}
		{88D5BC0A-2810-469E-A624-C2AFBE3EADB4} = {ADDBB663-B4FB-4CDD-A241-ACA1D569081D}
		{7CD78018-8AEA-4DB8-BC72-5F1808791A1F} = {ADDBB663-B4FB-4CDD-A241-ACA1D569081D}
		{65D45AF3-C4DB-4814-AF25-A7CA21ED852A} = {ADDBB663-B4FB-4CDD-A241-ACA1D569081D}
		{ACD556EF-58AB-4F44-950E-2C5B3BC9848B} = {10E9BA30-9015-40C7-9CBF-50A0316288F2}
	EndGlobalSection
EndGlobal
